// !$*UTF8*$!
{
	archiveVersion = 1;
	classes = {
	};
	objectVersion = 55;
	objects = {

/* Begin PBXBuildFile section */
		3B120B1327D341AF00554C83 /* PickerConstants.swift in Sources */ = {isa = PBXBuildFile; fileRef = 3B120B0E27D341AF00554C83 /* PickerConstants.swift */; };
		3B120B1427D341AF00554C83 /* StringPickerViewDelegateDataSource.swift in Sources */ = {isa = PBXBuildFile; fileRef = 3B120B1027D341AF00554C83 /* StringPickerViewDelegateDataSource.swift */; };
		3B120B1527D341AF00554C83 /* StringPickerViewController.swift in Sources */ = {isa = PBXBuildFile; fileRef = 3B120B1227D341AF00554C83 /* StringPickerViewController.swift */; };
		3B120B1927D344AB00554C83 /* DropDownModel.swift in Sources */ = {isa = PBXBuildFile; fileRef = 3B120B1827D344AB00554C83 /* DropDownModel.swift */; };
		3B120B1E27D3493700554C83 /* SlideInPresentationAnimator.swift in Sources */ = {isa = PBXBuildFile; fileRef = 3B120B1B27D3493700554C83 /* SlideInPresentationAnimator.swift */; };
		3B120B1F27D3493700554C83 /* SlideInPresentationManager.swift in Sources */ = {isa = PBXBuildFile; fileRef = 3B120B1C27D3493700554C83 /* SlideInPresentationManager.swift */; };
		3B120B2027D3493700554C83 /* SlideInPresentationController.swift in Sources */ = {isa = PBXBuildFile; fileRef = 3B120B1D27D3493700554C83 /* SlideInPresentationController.swift */; };
		3B120B2227D3669100554C83 /* UIView+Extension.swift in Sources */ = {isa = PBXBuildFile; fileRef = 3B120B2127D3669100554C83 /* UIView+Extension.swift */; };
		3B120B4D27D37D0900554C83 /* UserDetailsTableViewCell.swift in Sources */ = {isa = PBXBuildFile; fileRef = 3B120B4C27D37D0900554C83 /* UserDetailsTableViewCell.swift */; };
		3B120B5027D3911B00554C83 /* OptionalChecking.swift in Sources */ = {isa = PBXBuildFile; fileRef = 3B120B4F27D3911B00554C83 /* OptionalChecking.swift */; };
		3B120B7B27D3A24B00554C83 /* UICustomNavigationController.swift in Sources */ = {isa = PBXBuildFile; fileRef = 3B120B7A27D3A24B00554C83 /* UICustomNavigationController.swift */; };
		3B120B8427D3D0DE00554C83 /* PopupViewController.swift in Sources */ = {isa = PBXBuildFile; fileRef = 3B120B8327D3D0DE00554C83 /* PopupViewController.swift */; };
		3B120B9027D4E5FD00554C83 /* Main.storyboard in Resources */ = {isa = PBXBuildFile; fileRef = 3B120B8E27D4E5FD00554C83 /* Main.storyboard */; };
		72C9E09727D2180B005FE64D /* AppDelegate.swift in Sources */ = {isa = PBXBuildFile; fileRef = 72C9E09627D2180B005FE64D /* AppDelegate.swift */; };
		72C9E09927D2180B005FE64D /* SceneDelegate.swift in Sources */ = {isa = PBXBuildFile; fileRef = 72C9E09827D2180B005FE64D /* SceneDelegate.swift */; };
		72C9E0A327D2180B005FE64D /* Assets.xcassets in Resources */ = {isa = PBXBuildFile; fileRef = 72C9E0A227D2180B005FE64D /* Assets.xcassets */; };
		72C9E0A627D2180C005FE64D /* LaunchScreen.storyboard in Resources */ = {isa = PBXBuildFile; fileRef = 72C9E0A427D2180C005FE64D /* LaunchScreen.storyboard */; };
		72C9E0B127D2180C005FE64D /* Tibicle_PracTests.swift in Sources */ = {isa = PBXBuildFile; fileRef = 72C9E0B027D2180C005FE64D /* Tibicle_PracTests.swift */; };
		72C9E0BB27D2180C005FE64D /* Tibicle_PracUITests.swift in Sources */ = {isa = PBXBuildFile; fileRef = 72C9E0BA27D2180C005FE64D /* Tibicle_PracUITests.swift */; };
		72C9E0BD27D2180C005FE64D /* Tibicle_PracUITestsLaunchTests.swift in Sources */ = {isa = PBXBuildFile; fileRef = 72C9E0BC27D2180C005FE64D /* Tibicle_PracUITestsLaunchTests.swift */; };
		72C9E0D127D21C6F005FE64D /* Login.storyboard in Resources */ = {isa = PBXBuildFile; fileRef = 72C9E0D027D21C6F005FE64D /* Login.storyboard */; };
		72C9E0D427D21DB7005FE64D /* LoginViewController.swift in Sources */ = {isa = PBXBuildFile; fileRef = 72C9E0D327D21DB7005FE64D /* LoginViewController.swift */; };
		72C9E0E327D21F53005FE64D /* UIViewController+Extension.swift in Sources */ = {isa = PBXBuildFile; fileRef = 72C9E0D827D21F53005FE64D /* UIViewController+Extension.swift */; };
		72C9E0E427D21F53005FE64D /* String+Extension.swift in Sources */ = {isa = PBXBuildFile; fileRef = 72C9E0D927D21F53005FE64D /* String+Extension.swift */; };
		72C9E0EE27D224C0005FE64D /* UserDetails.storyboard in Resources */ = {isa = PBXBuildFile; fileRef = 72C9E0ED27D224C0005FE64D /* UserDetails.storyboard */; };
		72C9E0F027D22C0E005FE64D /* UserDetailsViewController.swift in Sources */ = {isa = PBXBuildFile; fileRef = 72C9E0EF27D22C0E005FE64D /* UserDetailsViewController.swift */; };
/* End PBXBuildFile section */

/* Begin PBXContainerItemProxy section */
		72C9E0AD27D2180C005FE64D /* PBXContainerItemProxy */ = {
			isa = PBXContainerItemProxy;
			containerPortal = 72C9E08B27D2180B005FE64D /* Project object */;
			proxyType = 1;
			remoteGlobalIDString = 72C9E09227D2180B005FE64D;
			remoteInfo = "Tibicle Prac";
		};
		72C9E0B727D2180C005FE64D /* PBXContainerItemProxy */ = {
			isa = PBXContainerItemProxy;
			containerPortal = 72C9E08B27D2180B005FE64D /* Project object */;
			proxyType = 1;
			remoteGlobalIDString = 72C9E09227D2180B005FE64D;
			remoteInfo = "Tibicle Prac";
		};
/* End PBXContainerItemProxy section */

/* Begin PBXFileReference section */
		3B120B0E27D341AF00554C83 /* PickerConstants.swift */ = {isa = PBXFileReference; fileEncoding = 4; lastKnownFileType = sourcecode.swift; path = PickerConstants.swift; sourceTree = "<group>"; };
		3B120B1027D341AF00554C83 /* StringPickerViewDelegateDataSource.swift */ = {isa = PBXFileReference; fileEncoding = 4; lastKnownFileType = sourcecode.swift; path = StringPickerViewDelegateDataSource.swift; sourceTree = "<group>"; };
		3B120B1227D341AF00554C83 /* StringPickerViewController.swift */ = {isa = PBXFileReference; fileEncoding = 4; lastKnownFileType = sourcecode.swift; path = StringPickerViewController.swift; sourceTree = "<group>"; };
		3B120B1827D344AB00554C83 /* DropDownModel.swift */ = {isa = PBXFileReference; fileEncoding = 4; lastKnownFileType = sourcecode.swift; path = DropDownModel.swift; sourceTree = "<group>"; };
		3B120B1B27D3493700554C83 /* SlideInPresentationAnimator.swift */ = {isa = PBXFileReference; fileEncoding = 4; lastKnownFileType = sourcecode.swift; path = SlideInPresentationAnimator.swift; sourceTree = "<group>"; };
		3B120B1C27D3493700554C83 /* SlideInPresentationManager.swift */ = {isa = PBXFileReference; fileEncoding = 4; lastKnownFileType = sourcecode.swift; path = SlideInPresentationManager.swift; sourceTree = "<group>"; };
		3B120B1D27D3493700554C83 /* SlideInPresentationController.swift */ = {isa = PBXFileReference; fileEncoding = 4; lastKnownFileType = sourcecode.swift; path = SlideInPresentationController.swift; sourceTree = "<group>"; };
		3B120B2127D3669100554C83 /* UIView+Extension.swift */ = {isa = PBXFileReference; lastKnownFileType = sourcecode.swift; path = "UIView+Extension.swift"; sourceTree = "<group>"; };
		3B120B4C27D37D0900554C83 /* UserDetailsTableViewCell.swift */ = {isa = PBXFileReference; lastKnownFileType = sourcecode.swift; path = UserDetailsTableViewCell.swift; sourceTree = "<group>"; };
		3B120B4F27D3911B00554C83 /* OptionalChecking.swift */ = {isa = PBXFileReference; fileEncoding = 4; lastKnownFileType = sourcecode.swift; path = OptionalChecking.swift; sourceTree = "<group>"; };
		3B120B7A27D3A24B00554C83 /* UICustomNavigationController.swift */ = {isa = PBXFileReference; fileEncoding = 4; lastKnownFileType = sourcecode.swift; path = UICustomNavigationController.swift; sourceTree = "<group>"; };
		3B120B8327D3D0DE00554C83 /* PopupViewController.swift */ = {isa = PBXFileReference; fileEncoding = 4; lastKnownFileType = sourcecode.swift; path = PopupViewController.swift; sourceTree = "<group>"; };
		3B120B8F27D4E5FD00554C83 /* Base */ = {isa = PBXFileReference; lastKnownFileType = file.storyboard; name = Base; path = Base.lproj/Main.storyboard; sourceTree = "<group>"; };
		72C9E09327D2180B005FE64D /* Tibicle Prac.app */ = {isa = PBXFileReference; explicitFileType = wrapper.application; includeInIndex = 0; path = "Tibicle Prac.app"; sourceTree = BUILT_PRODUCTS_DIR; };
		72C9E09627D2180B005FE64D /* AppDelegate.swift */ = {isa = PBXFileReference; lastKnownFileType = sourcecode.swift; path = AppDelegate.swift; sourceTree = "<group>"; };
		72C9E09827D2180B005FE64D /* SceneDelegate.swift */ = {isa = PBXFileReference; lastKnownFileType = sourcecode.swift; path = SceneDelegate.swift; sourceTree = "<group>"; };
		72C9E0A227D2180B005FE64D /* Assets.xcassets */ = {isa = PBXFileReference; lastKnownFileType = folder.assetcatalog; path = Assets.xcassets; sourceTree = "<group>"; };
		72C9E0A527D2180C005FE64D /* Base */ = {isa = PBXFileReference; lastKnownFileType = file.storyboard; name = Base; path = Base.lproj/LaunchScreen.storyboard; sourceTree = "<group>"; };
		72C9E0A727D2180C005FE64D /* Info.plist */ = {isa = PBXFileReference; lastKnownFileType = text.plist.xml; path = Info.plist; sourceTree = "<group>"; };
		72C9E0AC27D2180C005FE64D /* Tibicle PracTests.xctest */ = {isa = PBXFileReference; explicitFileType = wrapper.cfbundle; includeInIndex = 0; path = "Tibicle PracTests.xctest"; sourceTree = BUILT_PRODUCTS_DIR; };
		72C9E0B027D2180C005FE64D /* Tibicle_PracTests.swift */ = {isa = PBXFileReference; lastKnownFileType = sourcecode.swift; path = Tibicle_PracTests.swift; sourceTree = "<group>"; };
		72C9E0B627D2180C005FE64D /* Tibicle PracUITests.xctest */ = {isa = PBXFileReference; explicitFileType = wrapper.cfbundle; includeInIndex = 0; path = "Tibicle PracUITests.xctest"; sourceTree = BUILT_PRODUCTS_DIR; };
		72C9E0BA27D2180C005FE64D /* Tibicle_PracUITests.swift */ = {isa = PBXFileReference; lastKnownFileType = sourcecode.swift; path = Tibicle_PracUITests.swift; sourceTree = "<group>"; };
		72C9E0BC27D2180C005FE64D /* Tibicle_PracUITestsLaunchTests.swift */ = {isa = PBXFileReference; lastKnownFileType = sourcecode.swift; path = Tibicle_PracUITestsLaunchTests.swift; sourceTree = "<group>"; };
		72C9E0D027D21C6F005FE64D /* Login.storyboard */ = {isa = PBXFileReference; lastKnownFileType = file.storyboard; path = Login.storyboard; sourceTree = "<group>"; };
		72C9E0D327D21DB7005FE64D /* LoginViewController.swift */ = {isa = PBXFileReference; lastKnownFileType = sourcecode.swift; path = LoginViewController.swift; sourceTree = "<group>"; };
		72C9E0D827D21F53005FE64D /* UIViewController+Extension.swift */ = {isa = PBXFileReference; fileEncoding = 4; lastKnownFileType = sourcecode.swift; path = "UIViewController+Extension.swift"; sourceTree = "<group>"; };
		72C9E0D927D21F53005FE64D /* String+Extension.swift */ = {isa = PBXFileReference; fileEncoding = 4; lastKnownFileType = sourcecode.swift; path = "String+Extension.swift"; sourceTree = "<group>"; };
		72C9E0ED27D224C0005FE64D /* UserDetails.storyboard */ = {isa = PBXFileReference; lastKnownFileType = file.storyboard; path = UserDetails.storyboard; sourceTree = "<group>"; };
		72C9E0EF27D22C0E005FE64D /* UserDetailsViewController.swift */ = {isa = PBXFileReference; lastKnownFileType = sourcecode.swift; path = UserDetailsViewController.swift; sourceTree = "<group>"; };
/* End PBXFileReference section */

/* Begin PBXFrameworksBuildPhase section */
		72C9E09027D2180B005FE64D /* Frameworks */ = {
			isa = PBXFrameworksBuildPhase;
			buildActionMask = 2147483647;
			files = (
			);
			runOnlyForDeploymentPostprocessing = 0;
		};
		72C9E0A927D2180C005FE64D /* Frameworks */ = {
			isa = PBXFrameworksBuildPhase;
			buildActionMask = 2147483647;
			files = (
			);
			runOnlyForDeploymentPostprocessing = 0;
		};
		72C9E0B327D2180C005FE64D /* Frameworks */ = {
			isa = PBXFrameworksBuildPhase;
			buildActionMask = 2147483647;
			files = (
			);
			runOnlyForDeploymentPostprocessing = 0;
		};
/* End PBXFrameworksBuildPhase section */

/* Begin PBXGroup section */
		3B120B0C27D341AF00554C83 /* Picker */ = {
			isa = PBXGroup;
			children = (
				3B120B0D27D341AF00554C83 /* PickerConstant */,
				3B120B0F27D341AF00554C83 /* StringPickerDelegateDataSource */,
				3B120B1127D341AF00554C83 /* StringPicker */,
			);
			path = Picker;
			sourceTree = "<group>";
		};
		3B120B0D27D341AF00554C83 /* PickerConstant */ = {
			isa = PBXGroup;
			children = (
				3B120B0E27D341AF00554C83 /* PickerConstants.swift */,
			);
			path = PickerConstant;
			sourceTree = "<group>";
		};
		3B120B0F27D341AF00554C83 /* StringPickerDelegateDataSource */ = {
			isa = PBXGroup;
			children = (
				3B120B1027D341AF00554C83 /* StringPickerViewDelegateDataSource.swift */,
			);
			path = StringPickerDelegateDataSource;
			sourceTree = "<group>";
		};
		3B120B1127D341AF00554C83 /* StringPicker */ = {
			isa = PBXGroup;
			children = (
				3B120B1227D341AF00554C83 /* StringPickerViewController.swift */,
			);
			path = StringPicker;
			sourceTree = "<group>";
		};
		3B120B1A27D3493700554C83 /* Presentation */ = {
			isa = PBXGroup;
			children = (
				3B120B1B27D3493700554C83 /* SlideInPresentationAnimator.swift */,
				3B120B1C27D3493700554C83 /* SlideInPresentationManager.swift */,
				3B120B1D27D3493700554C83 /* SlideInPresentationController.swift */,
			);
			path = Presentation;
			sourceTree = "<group>";
		};
		3B120B4B27D37CF100554C83 /* Cell */ = {
			isa = PBXGroup;
			children = (
				3B120B4C27D37D0900554C83 /* UserDetailsTableViewCell.swift */,
			);
			path = Cell;
			sourceTree = "<group>";
		};
		3B120B4E27D3911B00554C83 /* Function */ = {
			isa = PBXGroup;
			children = (
				3B120B7A27D3A24B00554C83 /* UICustomNavigationController.swift */,
				3B120B4F27D3911B00554C83 /* OptionalChecking.swift */,
			);
			path = Function;
			sourceTree = "<group>";
		};
		3B120B8027D3D08600554C83 /* PopUp */ = {
			isa = PBXGroup;
			children = (
				3B120B8227D3D0D100554C83 /* Controller */,
			);
			path = PopUp;
			sourceTree = "<group>";
		};
		3B120B8227D3D0D100554C83 /* Controller */ = {
			isa = PBXGroup;
			children = (
				3B120B8327D3D0DE00554C83 /* PopupViewController.swift */,
			);
			path = Controller;
			sourceTree = "<group>";
		};
		72C9E08A27D2180B005FE64D = {
			isa = PBXGroup;
			children = (
				72C9E09527D2180B005FE64D /* Tibicle Prac */,
				72C9E0AF27D2180C005FE64D /* Tibicle PracTests */,
				72C9E0B927D2180C005FE64D /* Tibicle PracUITests */,
				72C9E09427D2180B005FE64D /* Products */,
			);
			sourceTree = "<group>";
		};
		72C9E09427D2180B005FE64D /* Products */ = {
			isa = PBXGroup;
			children = (
				72C9E09327D2180B005FE64D /* Tibicle Prac.app */,
				72C9E0AC27D2180C005FE64D /* Tibicle PracTests.xctest */,
				72C9E0B627D2180C005FE64D /* Tibicle PracUITests.xctest */,
			);
			name = Products;
			sourceTree = "<group>";
		};
		72C9E09527D2180B005FE64D /* Tibicle Prac */ = {
			isa = PBXGroup;
			children = (
				72C9E0D527D21F53005FE64D /* Component */,
				72C9E0CD27D21C27005FE64D /* Controllers */,
				72C9E0C927D21907005FE64D /* AppDelegate */,
				72C9E0A227D2180B005FE64D /* Assets.xcassets */,
				3B120B8E27D4E5FD00554C83 /* Main.storyboard */,
				72C9E0A427D2180C005FE64D /* LaunchScreen.storyboard */,
				72C9E0A727D2180C005FE64D /* Info.plist */,
			);
			path = "Tibicle Prac";
			sourceTree = "<group>";
		};
		72C9E0AF27D2180C005FE64D /* Tibicle PracTests */ = {
			isa = PBXGroup;
			children = (
				72C9E0B027D2180C005FE64D /* Tibicle_PracTests.swift */,
			);
			path = "Tibicle PracTests";
			sourceTree = "<group>";
		};
		72C9E0B927D2180C005FE64D /* Tibicle PracUITests */ = {
			isa = PBXGroup;
			children = (
				72C9E0BA27D2180C005FE64D /* Tibicle_PracUITests.swift */,
				72C9E0BC27D2180C005FE64D /* Tibicle_PracUITestsLaunchTests.swift */,
			);
			path = "Tibicle PracUITests";
			sourceTree = "<group>";
		};
		72C9E0C927D21907005FE64D /* AppDelegate */ = {
			isa = PBXGroup;
			children = (
				72C9E09627D2180B005FE64D /* AppDelegate.swift */,
				72C9E09827D2180B005FE64D /* SceneDelegate.swift */,
			);
			path = AppDelegate;
			sourceTree = "<group>";
		};
		72C9E0CD27D21C27005FE64D /* Controllers */ = {
			isa = PBXGroup;
			children = (
				3B120B8027D3D08600554C83 /* PopUp */,
				72C9E0EA27D2242A005FE64D /* UserDetails */,
				72C9E0CE27D21C4C005FE64D /* Login */,
			);
			path = Controllers;
			sourceTree = "<group>";
		};
		72C9E0CE27D21C4C005FE64D /* Login */ = {
			isa = PBXGroup;
			children = (
				72C9E0D227D21D9C005FE64D /* Controller */,
				72C9E0CF27D21C5D005FE64D /* View */,
			);
			path = Login;
			sourceTree = "<group>";
		};
		72C9E0CF27D21C5D005FE64D /* View */ = {
			isa = PBXGroup;
			children = (
				72C9E0D027D21C6F005FE64D /* Login.storyboard */,
			);
			path = View;
			sourceTree = "<group>";
		};
		72C9E0D227D21D9C005FE64D /* Controller */ = {
			isa = PBXGroup;
			children = (
				72C9E0D327D21DB7005FE64D /* LoginViewController.swift */,
			);
			path = Controller;
			sourceTree = "<group>";
		};
		72C9E0D527D21F53005FE64D /* Component */ = {
			isa = PBXGroup;
			children = (
				3B120B4E27D3911B00554C83 /* Function */,
				3B120B1A27D3493700554C83 /* Presentation */,
				3B120B0C27D341AF00554C83 /* Picker */,
				72C9E0D627D21F53005FE64D /* Extension */,
				72C9E0E027D21F53005FE64D /* Model */,
			);
			path = Component;
			sourceTree = "<group>";
		};
		72C9E0D627D21F53005FE64D /* Extension */ = {
			isa = PBXGroup;
			children = (
				72C9E0D827D21F53005FE64D /* UIViewController+Extension.swift */,
				72C9E0D927D21F53005FE64D /* String+Extension.swift */,
				3B120B2127D3669100554C83 /* UIView+Extension.swift */,
			);
			path = Extension;
			sourceTree = "<group>";
		};
		72C9E0E027D21F53005FE64D /* Model */ = {
			isa = PBXGroup;
			children = (
				3B120B1827D344AB00554C83 /* DropDownModel.swift */,
			);
			path = Model;
			sourceTree = "<group>";
		};
		72C9E0EA27D2242A005FE64D /* UserDetails */ = {
			isa = PBXGroup;
			children = (
				3B120B4B27D37CF100554C83 /* Cell */,
				72C9E0EC27D22439005FE64D /* Controller */,
				72C9E0EB27D22434005FE64D /* View */,
			);
			path = UserDetails;
			sourceTree = "<group>";
		};
		72C9E0EB27D22434005FE64D /* View */ = {
			isa = PBXGroup;
			children = (
				72C9E0ED27D224C0005FE64D /* UserDetails.storyboard */,
			);
			path = View;
			sourceTree = "<group>";
		};
		72C9E0EC27D22439005FE64D /* Controller */ = {
			isa = PBXGroup;
			children = (
				72C9E0EF27D22C0E005FE64D /* UserDetailsViewController.swift */,
			);
			path = Controller;
			sourceTree = "<group>";
		};
/* End PBXGroup section */

/* Begin PBXNativeTarget section */
		72C9E09227D2180B005FE64D /* Tibicle Prac */ = {
			isa = PBXNativeTarget;
			buildConfigurationList = 72C9E0C027D2180C005FE64D /* Build configuration list for PBXNativeTarget "Tibicle Prac" */;
			buildPhases = (
				72C9E08F27D2180B005FE64D /* Sources */,
				72C9E09027D2180B005FE64D /* Frameworks */,
				72C9E09127D2180B005FE64D /* Resources */,
			);
			buildRules = (
			);
			dependencies = (
			);
			name = "Tibicle Prac";
			productName = "Tibicle Prac";
			productReference = 72C9E09327D2180B005FE64D /* Tibicle Prac.app */;
			productType = "com.apple.product-type.application";
		};
		72C9E0AB27D2180C005FE64D /* Tibicle PracTests */ = {
			isa = PBXNativeTarget;
			buildConfigurationList = 72C9E0C327D2180C005FE64D /* Build configuration list for PBXNativeTarget "Tibicle PracTests" */;
			buildPhases = (
				72C9E0A827D2180C005FE64D /* Sources */,
				72C9E0A927D2180C005FE64D /* Frameworks */,
				72C9E0AA27D2180C005FE64D /* Resources */,
			);
			buildRules = (
			);
			dependencies = (
				72C9E0AE27D2180C005FE64D /* PBXTargetDependency */,
			);
			name = "Tibicle PracTests";
			productName = "Tibicle PracTests";
			productReference = 72C9E0AC27D2180C005FE64D /* Tibicle PracTests.xctest */;
			productType = "com.apple.product-type.bundle.unit-test";
		};
		72C9E0B527D2180C005FE64D /* Tibicle PracUITests */ = {
			isa = PBXNativeTarget;
			buildConfigurationList = 72C9E0C627D2180C005FE64D /* Build configuration list for PBXNativeTarget "Tibicle PracUITests" */;
			buildPhases = (
				72C9E0B227D2180C005FE64D /* Sources */,
				72C9E0B327D2180C005FE64D /* Frameworks */,
				72C9E0B427D2180C005FE64D /* Resources */,
			);
			buildRules = (
			);
			dependencies = (
				72C9E0B827D2180C005FE64D /* PBXTargetDependency */,
			);
			name = "Tibicle PracUITests";
			productName = "Tibicle PracUITests";
			productReference = 72C9E0B627D2180C005FE64D /* Tibicle PracUITests.xctest */;
			productType = "com.apple.product-type.bundle.ui-testing";
		};
/* End PBXNativeTarget section */

/* Begin PBXProject section */
		72C9E08B27D2180B005FE64D /* Project object */ = {
			isa = PBXProject;
			attributes = {
				BuildIndependentTargetsInParallel = 1;
				LastSwiftUpdateCheck = 1320;
				LastUpgradeCheck = 1320;
				TargetAttributes = {
					72C9E09227D2180B005FE64D = {
						CreatedOnToolsVersion = 13.2.1;
						LastSwiftMigration = 1320;
					};
					72C9E0AB27D2180C005FE64D = {
						CreatedOnToolsVersion = 13.2.1;
						TestTargetID = 72C9E09227D2180B005FE64D;
					};
					72C9E0B527D2180C005FE64D = {
						CreatedOnToolsVersion = 13.2.1;
						TestTargetID = 72C9E09227D2180B005FE64D;
					};
				};
			};
			buildConfigurationList = 72C9E08E27D2180B005FE64D /* Build configuration list for PBXProject "Tibicle Prac" */;
			compatibilityVersion = "Xcode 13.0";
			developmentRegion = en;
			hasScannedForEncodings = 0;
			knownRegions = (
				en,
				Base,
			);
			mainGroup = 72C9E08A27D2180B005FE64D;
			productRefGroup = 72C9E09427D2180B005FE64D /* Products */;
			projectDirPath = "";
			projectRoot = "";
			targets = (
				72C9E09227D2180B005FE64D /* Tibicle Prac */,
				72C9E0AB27D2180C005FE64D /* Tibicle PracTests */,
				72C9E0B527D2180C005FE64D /* Tibicle PracUITests */,
			);
		};
/* End PBXProject section */

/* Begin PBXResourcesBuildPhase section */
		72C9E09127D2180B005FE64D /* Resources */ = {
			isa = PBXResourcesBuildPhase;
			buildActionMask = 2147483647;
			files = (
				72C9E0D127D21C6F005FE64D /* Login.storyboard in Resources */,
				3B120B9027D4E5FD00554C83 /* Main.storyboard in Resources */,
				72C9E0A627D2180C005FE64D /* LaunchScreen.storyboard in Resources */,
				72C9E0A327D2180B005FE64D /* Assets.xcassets in Resources */,
				72C9E0EE27D224C0005FE64D /* UserDetails.storyboard in Resources */,
			);
			runOnlyForDeploymentPostprocessing = 0;
		};
		72C9E0AA27D2180C005FE64D /* Resources */ = {
			isa = PBXResourcesBuildPhase;
			buildActionMask = 2147483647;
			files = (
			);
			runOnlyForDeploymentPostprocessing = 0;
		};
		72C9E0B427D2180C005FE64D /* Resources */ = {
			isa = PBXResourcesBuildPhase;
			buildActionMask = 2147483647;
			files = (
			);
			runOnlyForDeploymentPostprocessing = 0;
		};
/* End PBXResourcesBuildPhase section */

/* Begin PBXSourcesBuildPhase section */
		72C9E08F27D2180B005FE64D /* Sources */ = {
			isa = PBXSourcesBuildPhase;
			buildActionMask = 2147483647;
			files = (
				3B120B1F27D3493700554C83 /* SlideInPresentationManager.swift in Sources */,
				72C9E0E427D21F53005FE64D /* String+Extension.swift in Sources */,
				3B120B8427D3D0DE00554C83 /* PopupViewController.swift in Sources */,
				72C9E0F027D22C0E005FE64D /* UserDetailsViewController.swift in Sources */,
				72C9E09727D2180B005FE64D /* AppDelegate.swift in Sources */,
				3B120B2027D3493700554C83 /* SlideInPresentationController.swift in Sources */,
				3B120B1427D341AF00554C83 /* StringPickerViewDelegateDataSource.swift in Sources */,
				3B120B1327D341AF00554C83 /* PickerConstants.swift in Sources */,
				72C9E0E327D21F53005FE64D /* UIViewController+Extension.swift in Sources */,
				3B120B2227D3669100554C83 /* UIView+Extension.swift in Sources */,
				3B120B4D27D37D0900554C83 /* UserDetailsTableViewCell.swift in Sources */,
				3B120B7B27D3A24B00554C83 /* UICustomNavigationController.swift in Sources */,
				3B120B5027D3911B00554C83 /* OptionalChecking.swift in Sources */,
				3B120B1E27D3493700554C83 /* SlideInPresentationAnimator.swift in Sources */,
				72C9E0D427D21DB7005FE64D /* LoginViewController.swift in Sources */,
				72C9E09927D2180B005FE64D /* SceneDelegate.swift in Sources */,
				3B120B1927D344AB00554C83 /* DropDownModel.swift in Sources */,
				3B120B1527D341AF00554C83 /* StringPickerViewController.swift in Sources */,
			);
			runOnlyForDeploymentPostprocessing = 0;
		};
		72C9E0A827D2180C005FE64D /* Sources */ = {
			isa = PBXSourcesBuildPhase;
			buildActionMask = 2147483647;
			files = (
				72C9E0B127D2180C005FE64D /* Tibicle_PracTests.swift in Sources */,
			);
			runOnlyForDeploymentPostprocessing = 0;
		};
		72C9E0B227D2180C005FE64D /* Sources */ = {
			isa = PBXSourcesBuildPhase;
			buildActionMask = 2147483647;
			files = (
				72C9E0BB27D2180C005FE64D /* Tibicle_PracUITests.swift in Sources */,
				72C9E0BD27D2180C005FE64D /* Tibicle_PracUITestsLaunchTests.swift in Sources */,
			);
			runOnlyForDeploymentPostprocessing = 0;
		};
/* End PBXSourcesBuildPhase section */

/* Begin PBXTargetDependency section */
		72C9E0AE27D2180C005FE64D /* PBXTargetDependency */ = {
			isa = PBXTargetDependency;
			target = 72C9E09227D2180B005FE64D /* Tibicle Prac */;
			targetProxy = 72C9E0AD27D2180C005FE64D /* PBXContainerItemProxy */;
		};
		72C9E0B827D2180C005FE64D /* PBXTargetDependency */ = {
			isa = PBXTargetDependency;
			target = 72C9E09227D2180B005FE64D /* Tibicle Prac */;
			targetProxy = 72C9E0B727D2180C005FE64D /* PBXContainerItemProxy */;
		};
/* End PBXTargetDependency section */

/* Begin PBXVariantGroup section */
		3B120B8E27D4E5FD00554C83 /* Main.storyboard */ = {
			isa = PBXVariantGroup;
			children = (
				3B120B8F27D4E5FD00554C83 /* Base */,
			);
			name = Main.storyboard;
			sourceTree = "<group>";
		};
		72C9E0A427D2180C005FE64D /* LaunchScreen.storyboard */ = {
			isa = PBXVariantGroup;
			children = (
				72C9E0A527D2180C005FE64D /* Base */,
			);
			name = LaunchScreen.storyboard;
			sourceTree = "<group>";
		};
/* End PBXVariantGroup section */

/* Begin XCBuildConfiguration section */
		72C9E0BE27D2180C005FE64D /* Debug */ = {
			isa = XCBuildConfiguration;
			buildSettings = {
				ALWAYS_SEARCH_USER_PATHS = NO;
				CLANG_ANALYZER_NONNULL = YES;
				CLANG_ANALYZER_NUMBER_OBJECT_CONVERSION = YES_AGGRESSIVE;
				CLANG_CXX_LANGUAGE_STANDARD = "gnu++17";
				CLANG_CXX_LIBRARY = "libc++";
				CLANG_ENABLE_MODULES = YES;
				CLANG_ENABLE_OBJC_ARC = YES;
				CLANG_ENABLE_OBJC_WEAK = YES;
				CLANG_WARN_BLOCK_CAPTURE_AUTORELEASING = YES;
				CLANG_WARN_BOOL_CONVERSION = YES;
				CLANG_WARN_COMMA = YES;
				CLANG_WARN_CONSTANT_CONVERSION = YES;
				CLANG_WARN_DEPRECATED_OBJC_IMPLEMENTATIONS = YES;
				CLANG_WARN_DIRECT_OBJC_ISA_USAGE = YES_ERROR;
				CLANG_WARN_DOCUMENTATION_COMMENTS = YES;
				CLANG_WARN_EMPTY_BODY = YES;
				CLANG_WARN_ENUM_CONVERSION = YES;
				CLANG_WARN_INFINITE_RECURSION = YES;
				CLANG_WARN_INT_CONVERSION = YES;
				CLANG_WARN_NON_LITERAL_NULL_CONVERSION = YES;
				CLANG_WARN_OBJC_IMPLICIT_RETAIN_SELF = YES;
				CLANG_WARN_OBJC_LITERAL_CONVERSION = YES;
				CLANG_WARN_OBJC_ROOT_CLASS = YES_ERROR;
				CLANG_WARN_QUOTED_INCLUDE_IN_FRAMEWORK_HEADER = YES;
				CLANG_WARN_RANGE_LOOP_ANALYSIS = YES;
				CLANG_WARN_STRICT_PROTOTYPES = YES;
				CLANG_WARN_SUSPICIOUS_MOVE = YES;
				CLANG_WARN_UNGUARDED_AVAILABILITY = YES_AGGRESSIVE;
				CLANG_WARN_UNREACHABLE_CODE = YES;
				CLANG_WARN__DUPLICATE_METHOD_MATCH = YES;
				COPY_PHASE_STRIP = NO;
				DEBUG_INFORMATION_FORMAT = dwarf;
				ENABLE_STRICT_OBJC_MSGSEND = YES;
				ENABLE_TESTABILITY = YES;
				GCC_C_LANGUAGE_STANDARD = gnu11;
				GCC_DYNAMIC_NO_PIC = NO;
				GCC_NO_COMMON_BLOCKS = YES;
				GCC_OPTIMIZATION_LEVEL = 0;
				GCC_PREPROCESSOR_DEFINITIONS = (
					"DEBUG=1",
					"$(inherited)",
				);
				GCC_WARN_64_TO_32_BIT_CONVERSION = YES;
				GCC_WARN_ABOUT_RETURN_TYPE = YES_ERROR;
				GCC_WARN_UNDECLARED_SELECTOR = YES;
				GCC_WARN_UNINITIALIZED_AUTOS = YES_AGGRESSIVE;
				GCC_WARN_UNUSED_FUNCTION = YES;
				GCC_WARN_UNUSED_VARIABLE = YES;
				IPHONEOS_DEPLOYMENT_TARGET = 15.2;
				MTL_ENABLE_DEBUG_INFO = INCLUDE_SOURCE;
				MTL_FAST_MATH = YES;
				ONLY_ACTIVE_ARCH = YES;
				SDKROOT = iphoneos;
				SWIFT_ACTIVE_COMPILATION_CONDITIONS = DEBUG;
				SWIFT_OPTIMIZATION_LEVEL = "-Onone";
			};
			name = Debug;
		};
		72C9E0BF27D2180C005FE64D /* Release */ = {
			isa = XCBuildConfiguration;
			buildSettings = {
				ALWAYS_SEARCH_USER_PATHS = NO;
				CLANG_ANALYZER_NONNULL = YES;
				CLANG_ANALYZER_NUMBER_OBJECT_CONVERSION = YES_AGGRESSIVE;
				CLANG_CXX_LANGUAGE_STANDARD = "gnu++17";
				CLANG_CXX_LIBRARY = "libc++";
				CLANG_ENABLE_MODULES = YES;
				CLANG_ENABLE_OBJC_ARC = YES;
				CLANG_ENABLE_OBJC_WEAK = YES;
				CLANG_WARN_BLOCK_CAPTURE_AUTORELEASING = YES;
				CLANG_WARN_BOOL_CONVERSION = YES;
				CLANG_WARN_COMMA = YES;
				CLANG_WARN_CONSTANT_CONVERSION = YES;
				CLANG_WARN_DEPRECATED_OBJC_IMPLEMENTATIONS = YES;
				CLANG_WARN_DIRECT_OBJC_ISA_USAGE = YES_ERROR;
				CLANG_WARN_DOCUMENTATION_COMMENTS = YES;
				CLANG_WARN_EMPTY_BODY = YES;
				CLANG_WARN_ENUM_CONVERSION = YES;
				CLANG_WARN_INFINITE_RECURSION = YES;
				CLANG_WARN_INT_CONVERSION = YES;
				CLANG_WARN_NON_LITERAL_NULL_CONVERSION = YES;
				CLANG_WARN_OBJC_IMPLICIT_RETAIN_SELF = YES;
				CLANG_WARN_OBJC_LITERAL_CONVERSION = YES;
				CLANG_WARN_OBJC_ROOT_CLASS = YES_ERROR;
				CLANG_WARN_QUOTED_INCLUDE_IN_FRAMEWORK_HEADER = YES;
				CLANG_WARN_RANGE_LOOP_ANALYSIS = YES;
				CLANG_WARN_STRICT_PROTOTYPES = YES;
				CLANG_WARN_SUSPICIOUS_MOVE = YES;
				CLANG_WARN_UNGUARDED_AVAILABILITY = YES_AGGRESSIVE;
				CLANG_WARN_UNREACHABLE_CODE = YES;
				CLANG_WARN__DUPLICATE_METHOD_MATCH = YES;
				COPY_PHASE_STRIP = NO;
				DEBUG_INFORMATION_FORMAT = "dwarf-with-dsym";
				ENABLE_NS_ASSERTIONS = NO;
				ENABLE_STRICT_OBJC_MSGSEND = YES;
				GCC_C_LANGUAGE_STANDARD = gnu11;
				GCC_NO_COMMON_BLOCKS = YES;
				GCC_WARN_64_TO_32_BIT_CONVERSION = YES;
				GCC_WARN_ABOUT_RETURN_TYPE = YES_ERROR;
				GCC_WARN_UNDECLARED_SELECTOR = YES;
				GCC_WARN_UNINITIALIZED_AUTOS = YES_AGGRESSIVE;
				GCC_WARN_UNUSED_FUNCTION = YES;
				GCC_WARN_UNUSED_VARIABLE = YES;
				IPHONEOS_DEPLOYMENT_TARGET = 15.2;
				MTL_ENABLE_DEBUG_INFO = NO;
				MTL_FAST_MATH = YES;
				SDKROOT = iphoneos;
				SWIFT_COMPILATION_MODE = wholemodule;
				SWIFT_OPTIMIZATION_LEVEL = "-O";
				VALIDATE_PRODUCT = YES;
			};
			name = Release;
		};
		72C9E0C127D2180C005FE64D /* Debug */ = {
			isa = XCBuildConfiguration;
			buildSettings = {
				ASSETCATALOG_COMPILER_APPICON_NAME = AppIcon;
				ASSETCATALOG_COMPILER_GLOBAL_ACCENT_COLOR_NAME = AccentColor;
				CLANG_ENABLE_MODULES = YES;
				CODE_SIGN_IDENTITY = "Apple Development";
				CODE_SIGN_STYLE = Automatic;
				CURRENT_PROJECT_VERSION = 1;
				DEVELOPMENT_TEAM = "";
				GENERATE_INFOPLIST_FILE = YES;
				INFOPLIST_FILE = "Tibicle Prac/Info.plist";
				INFOPLIST_KEY_UIApplicationSupportsIndirectInputEvents = YES;
				INFOPLIST_KEY_UILaunchStoryboardName = LaunchScreen;
				INFOPLIST_KEY_UIMainStoryboardFile = Main;
				INFOPLIST_KEY_UISupportedInterfaceOrientations_iPad = "UIInterfaceOrientationPortrait UIInterfaceOrientationPortraitUpsideDown UIInterfaceOrientationLandscapeLeft UIInterfaceOrientationLandscapeRight";
				INFOPLIST_KEY_UISupportedInterfaceOrientations_iPhone = "UIInterfaceOrientationPortrait UIInterfaceOrientationLandscapeLeft UIInterfaceOrientationLandscapeRight";
				LD_RUNPATH_SEARCH_PATHS = (
					"$(inherited)",
					"@executable_path/Frameworks",
				);
				MARKETING_VERSION = 1.0;
				PRODUCT_BUNDLE_IDENTIFIER = "ravi-patel.Tibicle-Prac";
				PRODUCT_NAME = "$(TARGET_NAME)";
				PROVISIONING_PROFILE_SPECIFIER = "";
				SWIFT_EMIT_LOC_STRINGS = YES;
				SWIFT_OBJC_BRIDGING_HEADER = "";
				SWIFT_OPTIMIZATION_LEVEL = "-Onone";
				SWIFT_VERSION = 5.0;
				TARGETED_DEVICE_FAMILY = "1,2";
			};
			name = Debug;
		};
		72C9E0C227D2180C005FE64D /* Release */ = {
			isa = XCBuildConfiguration;
			buildSettings = {
				ASSETCATALOG_COMPILER_APPICON_NAME = AppIcon;
				ASSETCATALOG_COMPILER_GLOBAL_ACCENT_COLOR_NAME = AccentColor;
				CLANG_ENABLE_MODULES = YES;
				CODE_SIGN_IDENTITY = "Apple Development";
				CODE_SIGN_STYLE = Automatic;
				CURRENT_PROJECT_VERSION = 1;
				DEVELOPMENT_TEAM = "";
				GENERATE_INFOPLIST_FILE = YES;
				INFOPLIST_FILE = "Tibicle Prac/Info.plist";
				INFOPLIST_KEY_UIApplicationSupportsIndirectInputEvents = YES;
				INFOPLIST_KEY_UILaunchStoryboardName = LaunchScreen;
				INFOPLIST_KEY_UIMainStoryboardFile = Main;
				INFOPLIST_KEY_UISupportedInterfaceOrientations_iPad = "UIInterfaceOrientationPortrait UIInterfaceOrientationPortraitUpsideDown UIInterfaceOrientationLandscapeLeft UIInterfaceOrientationLandscapeRight";
				INFOPLIST_KEY_UISupportedInterfaceOrientations_iPhone = "UIInterfaceOrientationPortrait UIInterfaceOrientationLandscapeLeft UIInterfaceOrientationLandscapeRight";
				LD_RUNPATH_SEARCH_PATHS = (
					"$(inherited)",
					"@executable_path/Frameworks",
				);
				MARKETING_VERSION = 1.0;
				PRODUCT_BUNDLE_IDENTIFIER = "ravi-patel.Tibicle-Prac";
				PRODUCT_NAME = "$(TARGET_NAME)";
				PROVISIONING_PROFILE_SPECIFIER = "";
				SWIFT_EMIT_LOC_STRINGS = YES;
				SWIFT_OBJC_BRIDGING_HEADER = "";
				SWIFT_VERSION = 5.0;
				TARGETED_DEVICE_FAMILY = "1,2";
			};
			name = Release;
		};
		72C9E0C427D2180C005FE64D /* Debug */ = {
			isa = XCBuildConfiguration;
			buildSettings = {
				ALWAYS_EMBED_SWIFT_STANDARD_LIBRARIES = YES;
				BUNDLE_LOADER = "$(TEST_HOST)";
				CODE_SIGN_STYLE = Automatic;
				CURRENT_PROJECT_VERSION = 1;
				GENERATE_INFOPLIST_FILE = YES;
				IPHONEOS_DEPLOYMENT_TARGET = 15.2;
				MARKETING_VERSION = 1.0;
				PRODUCT_BUNDLE_IDENTIFIER = "ravi-patel.Tibicle-PracTests";
				PRODUCT_NAME = "$(TARGET_NAME)";
				SWIFT_EMIT_LOC_STRINGS = NO;
				SWIFT_VERSION = 5.0;
				TARGETED_DEVICE_FAMILY = "1,2";
				TEST_HOST = "$(BUILT_PRODUCTS_DIR)/Tibicle Prac.app/Tibicle Prac";
			};
			name = Debug;
		};
		72C9E0C527D2180C005FE64D /* Release */ = {
			isa = XCBuildConfiguration;
			buildSettings = {
				ALWAYS_EMBED_SWIFT_STANDARD_LIBRARIES = YES;
				BUNDLE_LOADER = "$(TEST_HOST)";
				CODE_SIGN_STYLE = Automatic;
				CURRENT_PROJECT_VERSION = 1;
				GENERATE_INFOPLIST_FILE = YES;
				IPHONEOS_DEPLOYMENT_TARGET = 15.2;
				MARKETING_VERSION = 1.0;
				PRODUCT_BUNDLE_IDENTIFIER = "ravi-patel.Tibicle-PracTests";
				PRODUCT_NAME = "$(TARGET_NAME)";
				SWIFT_EMIT_LOC_STRINGS = NO;
				SWIFT_VERSION = 5.0;
				TARGETED_DEVICE_FAMILY = "1,2";
				TEST_HOST = "$(BUILT_PRODUCTS_DIR)/Tibicle Prac.app/Tibicle Prac";
			};
			name = Release;
		};
		72C9E0C727D2180C005FE64D /* Debug */ = {
			isa = XCBuildConfiguration;
			buildSettings = {
				ALWAYS_EMBED_SWIFT_STANDARD_LIBRARIES = YES;
				CODE_SIGN_STYLE = Automatic;
				CURRENT_PROJECT_VERSION = 1;
				GENERATE_INFOPLIST_FILE = YES;
				MARKETING_VERSION = 1.0;
				PRODUCT_BUNDLE_IDENTIFIER = "ravi-patel.Tibicle-PracUITests";
				PRODUCT_NAME = "$(TARGET_NAME)";
				SWIFT_EMIT_LOC_STRINGS = NO;
				SWIFT_VERSION = 5.0;
				TARGETED_DEVICE_FAMILY = "1,2";
				TEST_TARGET_NAME = "Tibicle Prac";
			};
			name = Debug;
		};
		72C9E0C827D2180C005FE64D /* Release */ = {
			isa = XCBuildConfiguration;
			buildSettings = {
				ALWAYS_EMBED_SWIFT_STANDARD_LIBRARIES = YES;
				CODE_SIGN_STYLE = Automatic;
				CURRENT_PROJECT_VERSION = 1;
				GENERATE_INFOPLIST_FILE = YES;
				MARKETING_VERSION = 1.0;
				PRODUCT_BUNDLE_IDENTIFIER = "ravi-patel.Tibicle-PracUITests";
				PRODUCT_NAME = "$(TARGET_NAME)";
				SWIFT_EMIT_LOC_STRINGS = NO;
				SWIFT_VERSION = 5.0;
				TARGETED_DEVICE_FAMILY = "1,2";
				TEST_TARGET_NAME = "Tibicle Prac";
			};
			name = Release;
		};
/* End XCBuildConfiguration section */

/* Begin XCConfigurationList section */
		72C9E08E27D2180B005FE64D /* Build configuration list for PBXProject "Tibicle Prac" */ = {
			isa = XCConfigurationList;
			buildConfigurations = (
				72C9E0BE27D2180C005FE64D /* Debug */,
				72C9E0BF27D2180C005FE64D /* Release */,
			);
			defaultConfigurationIsVisible = 0;
			defaultConfigurationName = Release;
		};
		72C9E0C027D2180C005FE64D /* Build configuration list for PBXNativeTarget "Tibicle Prac" */ = {
			isa = XCConfigurationList;
			buildConfigurations = (
				72C9E0C127D2180C005FE64D /* Debug */,
				72C9E0C227D2180C005FE64D /* Release */,
			);
			defaultConfigurationIsVisible = 0;
			defaultConfigurationName = Release;
		};
		72C9E0C327D2180C005FE64D /* Build configuration list for PBXNativeTarget "Tibicle PracTests" */ = {
			isa = XCConfigurationList;
			buildConfigurations = (
				72C9E0C427D2180C005FE64D /* Debug */,
				72C9E0C527D2180C005FE64D /* Release */,
			);
			defaultConfigurationIsVisible = 0;
			defaultConfigurationName = Release;
		};
		72C9E0C627D2180C005FE64D /* Build configuration list for PBXNativeTarget "Tibicle PracUITests" */ = {
			isa = XCConfigurationList;
			buildConfigurations = (
				72C9E0C727D2180C005FE64D /* Debug */,
				72C9E0C827D2180C005FE64D /* Release */,
			);
			defaultConfigurationIsVisible = 0;
			defaultConfigurationName = Release;
		};
/* End XCConfigurationList section */
	};
	rootObject = 72C9E08B27D2180B005FE64D /* Project object */;
}
